
Microsoft Visual Studio Solution File, Format Version 12.00
# Visual Studio Version 16
VisualStudioVersion = 16.0.30804.86
MinimumVisualStudioVersion = 10.0.40219.1
Project("{FAE04EC0-301F-11D3-BF4B-00C04F79EFBC}") = "DevEventsAPI", "DevEventsAPI\DevEventsAPI.csproj", "{300A4CFD-19E9-41E0-BA68-767C507C5EAE}"
EndProject
Global
	GlobalSection(SolutionConfigurationPlatforms) = preSolution
		Debug|Any CPU = Debug|Any CPU
		Release|Any CPU = Release|Any CPU
	EndGlobalSection
	GlobalSection(ProjectConfigurationPlatforms) = postSolution
		{300A4CFD-19E9-41E0-BA68-767C507C5EAE}.Debug|Any CPU.ActiveCfg = Debug|Any CPU
		{300A4CFD-19E9-41E0-BA68-767C507C5EAE}.Debug|Any CPU.Build.0 = Debug|Any CPU
		{300A4CFD-19E9-41E0-BA68-767C507C5EAE}.Release|Any CPU.ActiveCfg = Release|Any CPU
		{300A4CFD-19E9-41E0-BA68-767C507C5EAE}.Release|Any CPU.Build.0 = Release|Any CPU
	EndGlobalSection
	GlobalSection(SolutionProperties) = preSolution
		HideSolutionNode = FALSE
	EndGlobalSection
	GlobalSection(ExtensibilityGlobals) = postSolution
		SolutionGuid = {6CA39DA7-C301-49B0-88D0-EAB22EEEB0A6}
	EndGlobalSection
EndGlobal
